
Microsoft Visual Studio Solution File, Format Version 12.00
# Visual Studio Version 17
VisualStudioVersion = 17.9.34622.214
MinimumVisualStudioVersion = 10.0.40219.1
Project("{FAE04EC0-301F-11D3-BF4B-00C04F79EFBC}") = "AdminApplication", "AdminApplication\AdminApplication.csproj", "{DA099F9B-843B-484D-8222-DFA7897D24A1}"
EndProject
Global
	GlobalSection(SolutionConfigurationPlatforms) = preSolution
		Debug|Any CPU = Debug|Any CPU
		Release|Any CPU = Release|Any CPU
	EndGlobalSection
	GlobalSection(ProjectConfigurationPlatforms) = postSolution
		{DA099F9B-843B-484D-8222-DFA7897D24A1}.Debug|Any CPU.ActiveCfg = Debug|Any CPU
		{DA099F9B-843B-484D-8222-DFA7897D24A1}.Debug|Any CPU.Build.0 = Debug|Any CPU
		{DA099F9B-843B-484D-8222-DFA7897D24A1}.Release|Any CPU.ActiveCfg = Release|Any CPU
		{DA099F9B-843B-484D-8222-DFA7897D24A1}.Release|Any CPU.Build.0 = Release|Any CPU
	EndGlobalSection
	GlobalSection(SolutionProperties) = preSolution
		HideSolutionNode = FALSE
	EndGlobalSection
	GlobalSection(ExtensibilityGlobals) = postSolution
		SolutionGuid = {81AE0E8B-860F-4FDF-80D7-A8313EDFEF8C}
	EndGlobalSection
EndGlobal
